
Microsoft Visual Studio Solution File, Format Version 12.00
# Visual Studio Version 17
VisualStudioVersion = 17.0.31903.59
MinimumVisualStudioVersion = 10.0.40219.1
Project("{9A19103F-16F7-4668-BE54-9A1E7A4F7556}") = "Consumer1", "Exchanges\Fanount\Consumer1\Consumer1.csproj", "{82FCADBE-FAD9-4460-B83A-FE4E673C5D86}"
EndProject
Project("{9A19103F-16F7-4668-BE54-9A1E7A4F7556}") = "Consumer2", "Exchanges\Fanount\Consumer2\Consumer2.csproj", "{B7A75474-5B76-448E-AAF6-FA83977E8E2B}"
EndProject
Project("{9A19103F-16F7-4668-BE54-9A1E7A4F7556}") = "Producer", "Exchanges\Fanount\Producer\Producer.csproj", "{26AD2F60-23A8-4E1B-BBAC-2A5C577BFE03}"
EndProject
Project("{2150E333-8FDC-42A3-9474-1A3956D46DE8}") = "Direct", "Direct", "{290E35ED-CADA-4F0B-886F-06B6ADFCAF3E}"
EndProject
Project("{9A19103F-16F7-4668-BE54-9A1E7A4F7556}") = "Producer", "Exchanges\Direct\Producer\Producer.csproj", "{649D92EC-05BC-4C28-BC98-31CE6ADB6FF8}"
EndProject
Project("{9A19103F-16F7-4668-BE54-9A1E7A4F7556}") = "Consumer1", "Exchanges\Direct\Consumer1\Consumer1.csproj", "{66B1B8FC-3166-48E7-8255-E09D01206E13}"
EndProject
Project("{9A19103F-16F7-4668-BE54-9A1E7A4F7556}") = "Consumer2", "Exchanges\Direct\Consumer2\Consumer2.csproj", "{BD97911B-CC17-443C-97C5-8DEE7A8CB132}"
EndProject
Project("{2150E333-8FDC-42A3-9474-1A3956D46DE8}") = "Topic", "Topic", "{1C1066FF-84BC-449A-8394-9926211CE794}"
EndProject
Project("{9A19103F-16F7-4668-BE54-9A1E7A4F7556}") = "Producer", "Exchanges\Topic\Producer\Producer.csproj", "{7F75A592-5D5D-4166-BA38-A27D7DD45390}"
EndProject
Project("{9A19103F-16F7-4668-BE54-9A1E7A4F7556}") = "Consumer1", "Exchanges\Topic\Consumer1\Consumer1.csproj", "{60596F48-CFC1-4D53-B487-C2DA3DF2FADC}"
EndProject
Project("{FAE04EC0-301F-11D3-BF4B-00C04F79EFBC}") = "Consumer2", "Consumer2\Consumer2.csproj", "{A14E8FF5-B68D-4A45-92E4-726F1361D256}"
EndProject
Project("{2150E333-8FDC-42A3-9474-1A3956D46DE8}") = "ConsoleApps", "ConsoleApps", "{AABD271D-5848-4971-9299-FE4B4C226E4E}"
EndProject
Project("{2150E333-8FDC-42A3-9474-1A3956D46DE8}") = "MassTransit", "MassTransit", "{D3CDA3B3-164F-4085-AF8A-60237F645231}"
EndProject
Project("{2150E333-8FDC-42A3-9474-1A3956D46DE8}") = "OrderApi", "OrderApi", "{3E7C05DC-6BD7-4F5C-98D3-124CEDC7B923}"
	ProjectSection(SolutionItems) = preProject
		MassTransit\OrderApi\docker-compose.yml = MassTransit\OrderApi\docker-compose.yml
	EndProjectSection
EndProject
Project("{9A19103F-16F7-4668-BE54-9A1E7A4F7556}") = "Order.Api", "MassTransit\OrderApi\Order.Api\Order.Api.csproj", "{FA5CDAE5-229E-4DF1-AD26-467EF0E36592}"
EndProject
Project("{9A19103F-16F7-4668-BE54-9A1E7A4F7556}") = "Price.Api", "MassTransit\OrderApi\Price.Api\Price.Api.csproj", "{40DEE274-F120-4A5A-8F59-24FDF5C70898}"
EndProject
Project("{FAE04EC0-301F-11D3-BF4B-00C04F79EFBC}") = "Order.Shared", "MassTransit\OrderApi\Order.Shared\Order.Shared.csproj", "{E61079C5-2C67-4089-9E5B-CB6E2508B273}"
EndProject
Global
	GlobalSection(SolutionConfigurationPlatforms) = preSolution
		Debug|Any CPU = Debug|Any CPU
		Release|Any CPU = Release|Any CPU
	EndGlobalSection
	GlobalSection(ProjectConfigurationPlatforms) = postSolution
		{82FCADBE-FAD9-4460-B83A-FE4E673C5D86}.Debug|Any CPU.ActiveCfg = Debug|Any CPU
		{82FCADBE-FAD9-4460-B83A-FE4E673C5D86}.Debug|Any CPU.Build.0 = Debug|Any CPU
		{82FCADBE-FAD9-4460-B83A-FE4E673C5D86}.Release|Any CPU.ActiveCfg = Release|Any CPU
		{82FCADBE-FAD9-4460-B83A-FE4E673C5D86}.Release|Any CPU.Build.0 = Release|Any CPU
		{B7A75474-5B76-448E-AAF6-FA83977E8E2B}.Debug|Any CPU.ActiveCfg = Debug|Any CPU
		{B7A75474-5B76-448E-AAF6-FA83977E8E2B}.Debug|Any CPU.Build.0 = Debug|Any CPU
		{B7A75474-5B76-448E-AAF6-FA83977E8E2B}.Release|Any CPU.ActiveCfg = Release|Any CPU
		{B7A75474-5B76-448E-AAF6-FA83977E8E2B}.Release|Any CPU.Build.0 = Release|Any CPU
		{26AD2F60-23A8-4E1B-BBAC-2A5C577BFE03}.Debug|Any CPU.ActiveCfg = Debug|Any CPU
		{26AD2F60-23A8-4E1B-BBAC-2A5C577BFE03}.Debug|Any CPU.Build.0 = Debug|Any CPU
		{26AD2F60-23A8-4E1B-BBAC-2A5C577BFE03}.Release|Any CPU.ActiveCfg = Release|Any CPU
		{26AD2F60-23A8-4E1B-BBAC-2A5C577BFE03}.Release|Any CPU.Build.0 = Release|Any CPU
		{649D92EC-05BC-4C28-BC98-31CE6ADB6FF8}.Debug|Any CPU.ActiveCfg = Debug|Any CPU
		{649D92EC-05BC-4C28-BC98-31CE6ADB6FF8}.Debug|Any CPU.Build.0 = Debug|Any CPU
		{649D92EC-05BC-4C28-BC98-31CE6ADB6FF8}.Release|Any CPU.ActiveCfg = Release|Any CPU
		{649D92EC-05BC-4C28-BC98-31CE6ADB6FF8}.Release|Any CPU.Build.0 = Release|Any CPU
		{66B1B8FC-3166-48E7-8255-E09D01206E13}.Debug|Any CPU.ActiveCfg = Debug|Any CPU
		{66B1B8FC-3166-48E7-8255-E09D01206E13}.Debug|Any CPU.Build.0 = Debug|Any CPU
		{66B1B8FC-3166-48E7-8255-E09D01206E13}.Release|Any CPU.ActiveCfg = Release|Any CPU
		{66B1B8FC-3166-48E7-8255-E09D01206E13}.Release|Any CPU.Build.0 = Release|Any CPU
		{BD97911B-CC17-443C-97C5-8DEE7A8CB132}.Debug|Any CPU.ActiveCfg = Debug|Any CPU
		{BD97911B-CC17-443C-97C5-8DEE7A8CB132}.Debug|Any CPU.Build.0 = Debug|Any CPU
		{BD97911B-CC17-443C-97C5-8DEE7A8CB132}.Release|Any CPU.ActiveCfg = Release|Any CPU
		{BD97911B-CC17-443C-97C5-8DEE7A8CB132}.Release|Any CPU.Build.0 = Release|Any CPU
		{7F75A592-5D5D-4166-BA38-A27D7DD45390}.Debug|Any CPU.ActiveCfg = Debug|Any CPU
		{7F75A592-5D5D-4166-BA38-A27D7DD45390}.Debug|Any CPU.Build.0 = Debug|Any CPU
		{7F75A592-5D5D-4166-BA38-A27D7DD45390}.Release|Any CPU.ActiveCfg = Release|Any CPU
		{7F75A592-5D5D-4166-BA38-A27D7DD45390}.Release|Any CPU.Build.0 = Release|Any CPU
		{60596F48-CFC1-4D53-B487-C2DA3DF2FADC}.Debug|Any CPU.ActiveCfg = Debug|Any CPU
		{60596F48-CFC1-4D53-B487-C2DA3DF2FADC}.Debug|Any CPU.Build.0 = Debug|Any CPU
		{60596F48-CFC1-4D53-B487-C2DA3DF2FADC}.Release|Any CPU.ActiveCfg = Release|Any CPU
		{60596F48-CFC1-4D53-B487-C2DA3DF2FADC}.Release|Any CPU.Build.0 = Release|Any CPU
		{A14E8FF5-B68D-4A45-92E4-726F1361D256}.Debug|Any CPU.ActiveCfg = Debug|Any CPU
		{A14E8FF5-B68D-4A45-92E4-726F1361D256}.Debug|Any CPU.Build.0 = Debug|Any CPU
		{A14E8FF5-B68D-4A45-92E4-726F1361D256}.Release|Any CPU.ActiveCfg = Release|Any CPU
		{A14E8FF5-B68D-4A45-92E4-726F1361D256}.Release|Any CPU.Build.0 = Release|Any CPU
		{FA5CDAE5-229E-4DF1-AD26-467EF0E36592}.Debug|Any CPU.ActiveCfg = Debug|Any CPU
		{FA5CDAE5-229E-4DF1-AD26-467EF0E36592}.Debug|Any CPU.Build.0 = Debug|Any CPU
		{FA5CDAE5-229E-4DF1-AD26-467EF0E36592}.Release|Any CPU.ActiveCfg = Release|Any CPU
		{FA5CDAE5-229E-4DF1-AD26-467EF0E36592}.Release|Any CPU.Build.0 = Release|Any CPU
		{40DEE274-F120-4A5A-8F59-24FDF5C70898}.Debug|Any CPU.ActiveCfg = Debug|Any CPU
		{40DEE274-F120-4A5A-8F59-24FDF5C70898}.Debug|Any CPU.Build.0 = Debug|Any CPU
		{40DEE274-F120-4A5A-8F59-24FDF5C70898}.Release|Any CPU.ActiveCfg = Release|Any CPU
		{40DEE274-F120-4A5A-8F59-24FDF5C70898}.Release|Any CPU.Build.0 = Release|Any CPU
		{E61079C5-2C67-4089-9E5B-CB6E2508B273}.Debug|Any CPU.ActiveCfg = Debug|Any CPU
		{E61079C5-2C67-4089-9E5B-CB6E2508B273}.Debug|Any CPU.Build.0 = Debug|Any CPU
		{E61079C5-2C67-4089-9E5B-CB6E2508B273}.Release|Any CPU.ActiveCfg = Release|Any CPU
		{E61079C5-2C67-4089-9E5B-CB6E2508B273}.Release|Any CPU.Build.0 = Release|Any CPU
	EndGlobalSection
	GlobalSection(SolutionProperties) = preSolution
		HideSolutionNode = FALSE
	EndGlobalSection
	GlobalSection(NestedProjects) = preSolution
		{82FCADBE-FAD9-4460-B83A-FE4E673C5D86} = {AABD271D-5848-4971-9299-FE4B4C226E4E}
		{B7A75474-5B76-448E-AAF6-FA83977E8E2B} = {AABD271D-5848-4971-9299-FE4B4C226E4E}
		{26AD2F60-23A8-4E1B-BBAC-2A5C577BFE03} = {AABD271D-5848-4971-9299-FE4B4C226E4E}
		{649D92EC-05BC-4C28-BC98-31CE6ADB6FF8} = {290E35ED-CADA-4F0B-886F-06B6ADFCAF3E}
		{66B1B8FC-3166-48E7-8255-E09D01206E13} = {290E35ED-CADA-4F0B-886F-06B6ADFCAF3E}
		{BD97911B-CC17-443C-97C5-8DEE7A8CB132} = {290E35ED-CADA-4F0B-886F-06B6ADFCAF3E}
		{7F75A592-5D5D-4166-BA38-A27D7DD45390} = {1C1066FF-84BC-449A-8394-9926211CE794}
		{60596F48-CFC1-4D53-B487-C2DA3DF2FADC} = {1C1066FF-84BC-449A-8394-9926211CE794}
		{A14E8FF5-B68D-4A45-92E4-726F1361D256} = {1C1066FF-84BC-449A-8394-9926211CE794}
		{3E7C05DC-6BD7-4F5C-98D3-124CEDC7B923} = {D3CDA3B3-164F-4085-AF8A-60237F645231}
		{FA5CDAE5-229E-4DF1-AD26-467EF0E36592} = {3E7C05DC-6BD7-4F5C-98D3-124CEDC7B923}
		{40DEE274-F120-4A5A-8F59-24FDF5C70898} = {3E7C05DC-6BD7-4F5C-98D3-124CEDC7B923}
		{E61079C5-2C67-4089-9E5B-CB6E2508B273} = {3E7C05DC-6BD7-4F5C-98D3-124CEDC7B923}
	EndGlobalSection
	GlobalSection(ExtensibilityGlobals) = postSolution
		SolutionGuid = {E0B53749-7F56-494C-A144-046EF061F9EF}
	EndGlobalSection
EndGlobal
