
Microsoft Visual Studio Solution File, Format Version 12.00
# Visual Studio Version 17
VisualStudioVersion = 17.6.33829.357
MinimumVisualStudioVersion = 10.0.40219.1
Project("{FAE04EC0-301F-11D3-BF4B-00C04F79EFBC}") = "App1", "App1\App1.csproj", "{D304BB2F-EECE-4D98-8EDD-0A2E8A01BC88}"
EndProject
Global
	GlobalSection(SolutionConfigurationPlatforms) = preSolution
		Debug|Any CPU = Debug|Any CPU
		Release|Any CPU = Release|Any CPU
	EndGlobalSection
	GlobalSection(ProjectConfigurationPlatforms) = postSolution
		{D304BB2F-EECE-4D98-8EDD-0A2E8A01BC88}.Debug|Any CPU.ActiveCfg = Debug|Any CPU
		{D304BB2F-EECE-4D98-8EDD-0A2E8A01BC88}.Debug|Any CPU.Build.0 = Debug|Any CPU
		{D304BB2F-EECE-4D98-8EDD-0A2E8A01BC88}.Release|Any CPU.ActiveCfg = Release|Any CPU
		{D304BB2F-EECE-4D98-8EDD-0A2E8A01BC88}.Release|Any CPU.Build.0 = Release|Any CPU
	EndGlobalSection
	GlobalSection(SolutionProperties) = preSolution
		HideSolutionNode = FALSE
	EndGlobalSection
	GlobalSection(ExtensibilityGlobals) = postSolution
		SolutionGuid = {C713221D-1C30-4425-9365-2D79543AA7F7}
	EndGlobalSection
EndGlobal
